
Microsoft Visual Studio Solution File, Format Version 12.00
# Visual Studio Version 16
VisualStudioVersion = 16.0.29709.97
MinimumVisualStudioVersion = 10.0.40219.1
Project("{FAE04EC0-301F-11D3-BF4B-00C04F79EFBC}") = "sodukosolverfirsttry", "sodukosolverfirsttry\sodukosolverfirsttry.csproj", "{F8AEFB75-D4D3-4182-B26B-149714BC8EFF}"
EndProject
Global
	GlobalSection(SolutionConfigurationPlatforms) = preSolution
		Debug|Any CPU = Debug|Any CPU
		Release|Any CPU = Release|Any CPU
	EndGlobalSection
	GlobalSection(ProjectConfigurationPlatforms) = postSolution
		{F8AEFB75-D4D3-4182-B26B-149714BC8EFF}.Debug|Any CPU.ActiveCfg = Debug|Any CPU
		{F8AEFB75-D4D3-4182-B26B-149714BC8EFF}.Debug|Any CPU.Build.0 = Debug|Any CPU
		{F8AEFB75-D4D3-4182-B26B-149714BC8EFF}.Release|Any CPU.ActiveCfg = Release|Any CPU
		{F8AEFB75-D4D3-4182-B26B-149714BC8EFF}.Release|Any CPU.Build.0 = Release|Any CPU
	EndGlobalSection
	GlobalSection(SolutionProperties) = preSolution
		HideSolutionNode = FALSE
	EndGlobalSection
	GlobalSection(ExtensibilityGlobals) = postSolution
		SolutionGuid = {81979B04-EB5F-415D-B07B-6C2A276325FA}
	EndGlobalSection
EndGlobal
